{
   "name": "file-tools",
   "version": "1.0.0",
   "lockfileVersion": 2,
   "requires": true,
   "packages": {
      "": {
         "name": "file-tools",
         "version": "1.0.0",
         "license": "MIT",
         "dependencies": {
            "r-json": "^1.2.10"
         }
      },
      "node_modules/r-json": {
         "version": "1.2.10",
         "resolved": "https://registry.npmjs.org/r-json/-/r-json-1.2.10.tgz",
         "integrity": "sha512-hu9vyLjSlHXT62NAS7DjI9WazDlvjN0lgp3n431dCVnirVcLkZIpzSwA3orhZEKzdDD2jqNYI+w0yG0aFf4kpA=="
      }
   },
   "dependencies": {
      "r-json": {
         "version": "1.2.10",
         "resolved": "https://registry.npmjs.org/r-json/-/r-json-1.2.10.tgz",
         "integrity": "sha512-hu9vyLjSlHXT62NAS7DjI9WazDlvjN0lgp3n431dCVnirVcLkZIpzSwA3orhZEKzdDD2jqNYI+w0yG0aFf4kpA=="
      }
   }
}
